// !$*UTF8*$!
{
	archiveVersion = 1;
	classes = {
	};
	objectVersion = 55;
	objects = {

/* Begin PBXBuildFile section */
		4753C28B277DEB1B00D7F6BF /* UI_408App.swift in Sources */ = {isa = PBXBuildFile; fileRef = 4753C28A277DEB1B00D7F6BF /* UI_408App.swift */; };
		4753C28D277DEB1B00D7F6BF /* ContentView.swift in Sources */ = {isa = PBXBuildFile; fileRef = 4753C28C277DEB1B00D7F6BF /* ContentView.swift */; };
		4753C28F277DEB1D00D7F6BF /* Assets.xcassets in Resources */ = {isa = PBXBuildFile; fileRef = 4753C28E277DEB1D00D7F6BF /* Assets.xcassets */; };
		4753C292277DEB1D00D7F6BF /* Preview Assets.xcassets in Resources */ = {isa = PBXBuildFile; fileRef = 4753C291277DEB1D00D7F6BF /* Preview Assets.xcassets */; };
		4753C29C277DEB1D00D7F6BF /* UI_408Tests.swift in Sources */ = {isa = PBXBuildFile; fileRef = 4753C29B277DEB1D00D7F6BF /* UI_408Tests.swift */; };
		4753C2A6277DEB1D00D7F6BF /* UI_408UITests.swift in Sources */ = {isa = PBXBuildFile; fileRef = 4753C2A5277DEB1D00D7F6BF /* UI_408UITests.swift */; };
		4753C2A8277DEB1D00D7F6BF /* UI_408UITestsLaunchTests.swift in Sources */ = {isa = PBXBuildFile; fileRef = 4753C2A7277DEB1D00D7F6BF /* UI_408UITestsLaunchTests.swift */; };
		4753C2B6277DEB2800D7F6BF /* Home.swift in Sources */ = {isa = PBXBuildFile; fileRef = 4753C2B5277DEB2800D7F6BF /* Home.swift */; };
		4753C2B9277DEB3500D7F6BF /* Food.swift in Sources */ = {isa = PBXBuildFile; fileRef = 4753C2B8277DEB3500D7F6BF /* Food.swift */; };
/* End PBXBuildFile section */

/* Begin PBXContainerItemProxy section */
		4753C298277DEB1D00D7F6BF /* PBXContainerItemProxy */ = {
			isa = PBXContainerItemProxy;
			containerPortal = 4753C27F277DEB1B00D7F6BF /* Project object */;
			proxyType = 1;
			remoteGlobalIDString = 4753C286277DEB1B00D7F6BF;
			remoteInfo = "UI-408";
		};
		4753C2A2277DEB1D00D7F6BF /* PBXContainerItemProxy */ = {
			isa = PBXContainerItemProxy;
			containerPortal = 4753C27F277DEB1B00D7F6BF /* Project object */;
			proxyType = 1;
			remoteGlobalIDString = 4753C286277DEB1B00D7F6BF;
			remoteInfo = "UI-408";
		};
/* End PBXContainerItemProxy section */

/* Begin PBXFileReference section */
		4753C287277DEB1B00D7F6BF /* UI-408.app */ = {isa = PBXFileReference; explicitFileType = wrapper.application; includeInIndex = 0; path = "UI-408.app"; sourceTree = BUILT_PRODUCTS_DIR; };
		4753C28A277DEB1B00D7F6BF /* UI_408App.swift */ = {isa = PBXFileReference; lastKnownFileType = sourcecode.swift; path = UI_408App.swift; sourceTree = "<group>"; };
		4753C28C277DEB1B00D7F6BF /* ContentView.swift */ = {isa = PBXFileReference; lastKnownFileType = sourcecode.swift; path = ContentView.swift; sourceTree = "<group>"; };
		4753C28E277DEB1D00D7F6BF /* Assets.xcassets */ = {isa = PBXFileReference; lastKnownFileType = folder.assetcatalog; path = Assets.xcassets; sourceTree = "<group>"; };
		4753C291277DEB1D00D7F6BF /* Preview Assets.xcassets */ = {isa = PBXFileReference; lastKnownFileType = folder.assetcatalog; path = "Preview Assets.xcassets"; sourceTree = "<group>"; };
		4753C297277DEB1D00D7F6BF /* UI-408Tests.xctest */ = {isa = PBXFileReference; explicitFileType = wrapper.cfbundle; includeInIndex = 0; path = "UI-408Tests.xctest"; sourceTree = BUILT_PRODUCTS_DIR; };
		4753C29B277DEB1D00D7F6BF /* UI_408Tests.swift */ = {isa = PBXFileReference; lastKnownFileType = sourcecode.swift; path = UI_408Tests.swift; sourceTree = "<group>"; };
		4753C2A1277DEB1D00D7F6BF /* UI-408UITests.xctest */ = {isa = PBXFileReference; explicitFileType = wrapper.cfbundle; includeInIndex = 0; path = "UI-408UITests.xctest"; sourceTree = BUILT_PRODUCTS_DIR; };
		4753C2A5277DEB1D00D7F6BF /* UI_408UITests.swift */ = {isa = PBXFileReference; lastKnownFileType = sourcecode.swift; path = UI_408UITests.swift; sourceTree = "<group>"; };
		4753C2A7277DEB1D00D7F6BF /* UI_408UITestsLaunchTests.swift */ = {isa = PBXFileReference; lastKnownFileType = sourcecode.swift; path = UI_408UITestsLaunchTests.swift; sourceTree = "<group>"; };
		4753C2B5277DEB2800D7F6BF /* Home.swift */ = {isa = PBXFileReference; lastKnownFileType = sourcecode.swift; path = Home.swift; sourceTree = "<group>"; };
		4753C2B8277DEB3500D7F6BF /* Food.swift */ = {isa = PBXFileReference; lastKnownFileType = sourcecode.swift; path = Food.swift; sourceTree = "<group>"; };
/* End PBXFileReference section */

/* Begin PBXFrameworksBuildPhase section */
		4753C284277DEB1B00D7F6BF /* Frameworks */ = {
			isa = PBXFrameworksBuildPhase;
			buildActionMask = 2147483647;
			files = (
			);
			runOnlyForDeploymentPostprocessing = 0;
		};
		4753C294277DEB1D00D7F6BF /* Frameworks */ = {
			isa = PBXFrameworksBuildPhase;
			buildActionMask = 2147483647;
			files = (
			);
			runOnlyForDeploymentPostprocessing = 0;
		};
		4753C29E277DEB1D00D7F6BF /* Frameworks */ = {
			isa = PBXFrameworksBuildPhase;
			buildActionMask = 2147483647;
			files = (
			);
			runOnlyForDeploymentPostprocessing = 0;
		};
/* End PBXFrameworksBuildPhase section */

/* Begin PBXGroup section */
		4753C27E277DEB1B00D7F6BF = {
			isa = PBXGroup;
			children = (
				4753C289277DEB1B00D7F6BF /* UI-408 */,
				4753C29A277DEB1D00D7F6BF /* UI-408Tests */,
				4753C2A4277DEB1D00D7F6BF /* UI-408UITests */,
				4753C288277DEB1B00D7F6BF /* Products */,
			);
			sourceTree = "<group>";
		};
		4753C288277DEB1B00D7F6BF /* Products */ = {
			isa = PBXGroup;
			children = (
				4753C287277DEB1B00D7F6BF /* UI-408.app */,
				4753C297277DEB1D00D7F6BF /* UI-408Tests.xctest */,
				4753C2A1277DEB1D00D7F6BF /* UI-408UITests.xctest */,
			);
			name = Products;
			sourceTree = "<group>";
		};
		4753C289277DEB1B00D7F6BF /* UI-408 */ = {
			isa = PBXGroup;
			children = (
				4753C2B7277DEB2C00D7F6BF /* Model */,
				4753C2B4277DEB2000D7F6BF /* View */,
				4753C28A277DEB1B00D7F6BF /* UI_408App.swift */,
				4753C28C277DEB1B00D7F6BF /* ContentView.swift */,
				4753C28E277DEB1D00D7F6BF /* Assets.xcassets */,
				4753C290277DEB1D00D7F6BF /* Preview Content */,
			);
			path = "UI-408";
			sourceTree = "<group>";
		};
		4753C290277DEB1D00D7F6BF /* Preview Content */ = {
			isa = PBXGroup;
			children = (
				4753C291277DEB1D00D7F6BF /* Preview Assets.xcassets */,
			);
			path = "Preview Content";
			sourceTree = "<group>";
		};
		4753C29A277DEB1D00D7F6BF /* UI-408Tests */ = {
			isa = PBXGroup;
			children = (
				4753C29B277DEB1D00D7F6BF /* UI_408Tests.swift */,
			);
			path = "UI-408Tests";
			sourceTree = "<group>";
		};
		4753C2A4277DEB1D00D7F6BF /* UI-408UITests */ = {
			isa = PBXGroup;
			children = (
				4753C2A5277DEB1D00D7F6BF /* UI_408UITests.swift */,
				4753C2A7277DEB1D00D7F6BF /* UI_408UITestsLaunchTests.swift */,
			);
			path = "UI-408UITests";
			sourceTree = "<group>";
		};
		4753C2B4277DEB2000D7F6BF /* View */ = {
			isa = PBXGroup;
			children = (
				4753C2B5277DEB2800D7F6BF /* Home.swift */,
			);
			path = View;
			sourceTree = "<group>";
		};
		4753C2B7277DEB2C00D7F6BF /* Model */ = {
			isa = PBXGroup;
			children = (
				4753C2B8277DEB3500D7F6BF /* Food.swift */,
			);
			path = Model;
			sourceTree = "<group>";
		};
/* End PBXGroup section */

/* Begin PBXNativeTarget section */
		4753C286277DEB1B00D7F6BF /* UI-408 */ = {
			isa = PBXNativeTarget;
			buildConfigurationList = 4753C2AB277DEB1D00D7F6BF /* Build configuration list for PBXNativeTarget "UI-408" */;
			buildPhases = (
				4753C283277DEB1B00D7F6BF /* Sources */,
				4753C284277DEB1B00D7F6BF /* Frameworks */,
				4753C285277DEB1B00D7F6BF /* Resources */,
			);
			buildRules = (
			);
			dependencies = (
			);
			name = "UI-408";
			productName = "UI-408";
			productReference = 4753C287277DEB1B00D7F6BF /* UI-408.app */;
			productType = "com.apple.product-type.application";
		};
		4753C296277DEB1D00D7F6BF /* UI-408Tests */ = {
			isa = PBXNativeTarget;
			buildConfigurationList = 4753C2AE277DEB1D00D7F6BF /* Build configuration list for PBXNativeTarget "UI-408Tests" */;
			buildPhases = (
				4753C293277DEB1D00D7F6BF /* Sources */,
				4753C294277DEB1D00D7F6BF /* Frameworks */,
				4753C295277DEB1D00D7F6BF /* Resources */,
			);
			buildRules = (
			);
			dependencies = (
				4753C299277DEB1D00D7F6BF /* PBXTargetDependency */,
			);
			name = "UI-408Tests";
			productName = "UI-408Tests";
			productReference = 4753C297277DEB1D00D7F6BF /* UI-408Tests.xctest */;
			productType = "com.apple.product-type.bundle.unit-test";
		};
		4753C2A0277DEB1D00D7F6BF /* UI-408UITests */ = {
			isa = PBXNativeTarget;
			buildConfigurationList = 4753C2B1277DEB1D00D7F6BF /* Build configuration list for PBXNativeTarget "UI-408UITests" */;
			buildPhases = (
				4753C29D277DEB1D00D7F6BF /* Sources */,
				4753C29E277DEB1D00D7F6BF /* Frameworks */,
				4753C29F277DEB1D00D7F6BF /* Resources */,
			);
			buildRules = (
			);
			dependencies = (
				4753C2A3277DEB1D00D7F6BF /* PBXTargetDependency */,
			);
			name = "UI-408UITests";
			productName = "UI-408UITests";
			productReference = 4753C2A1277DEB1D00D7F6BF /* UI-408UITests.xctest */;
			productType = "com.apple.product-type.bundle.ui-testing";
		};
/* End PBXNativeTarget section */

/* Begin PBXProject section */
		4753C27F277DEB1B00D7F6BF /* Project object */ = {
			isa = PBXProject;
			attributes = {
				BuildIndependentTargetsInParallel = 1;
				LastSwiftUpdateCheck = 1320;
				LastUpgradeCheck = 1320;
				TargetAttributes = {
					4753C286277DEB1B00D7F6BF = {
						CreatedOnToolsVersion = 13.2.1;
					};
					4753C296277DEB1D00D7F6BF = {
						CreatedOnToolsVersion = 13.2.1;
						TestTargetID = 4753C286277DEB1B00D7F6BF;
					};
					4753C2A0277DEB1D00D7F6BF = {
						CreatedOnToolsVersion = 13.2.1;
						TestTargetID = 4753C286277DEB1B00D7F6BF;
					};
				};
			};
			buildConfigurationList = 4753C282277DEB1B00D7F6BF /* Build configuration list for PBXProject "UI-408" */;
			compatibilityVersion = "Xcode 13.0";
			developmentRegion = en;
			hasScannedForEncodings = 0;
			knownRegions = (
				en,
				Base,
			);
			mainGroup = 4753C27E277DEB1B00D7F6BF;
			productRefGroup = 4753C288277DEB1B00D7F6BF /* Products */;
			projectDirPath = "";
			projectRoot = "";
			targets = (
				4753C286277DEB1B00D7F6BF /* UI-408 */,
				4753C296277DEB1D00D7F6BF /* UI-408Tests */,
				4753C2A0277DEB1D00D7F6BF /* UI-408UITests */,
			);
		};
/* End PBXProject section */

/* Begin PBXResourcesBuildPhase section */
		4753C285277DEB1B00D7F6BF /* Resources */ = {
			isa = PBXResourcesBuildPhase;
			buildActionMask = 2147483647;
			files = (
				4753C292277DEB1D00D7F6BF /* Preview Assets.xcassets in Resources */,
				4753C28F277DEB1D00D7F6BF /* Assets.xcassets in Resources */,
			);
			runOnlyForDeploymentPostprocessing = 0;
		};
		4753C295277DEB1D00D7F6BF /* Resources */ = {
			isa = PBXResourcesBuildPhase;
			buildActionMask = 2147483647;
			files = (
			);
			runOnlyForDeploymentPostprocessing = 0;
		};
		4753C29F277DEB1D00D7F6BF /* Resources */ = {
			isa = PBXResourcesBuildPhase;
			buildActionMask = 2147483647;
			files = (
			);
			runOnlyForDeploymentPostprocessing = 0;
		};
/* End PBXResourcesBuildPhase section */

/* Begin PBXSourcesBuildPhase section */
		4753C283277DEB1B00D7F6BF /* Sources */ = {
			isa = PBXSourcesBuildPhase;
			buildActionMask = 2147483647;
			files = (
				4753C28D277DEB1B00D7F6BF /* ContentView.swift in Sources */,
				4753C2B9277DEB3500D7F6BF /* Food.swift in Sources */,
				4753C2B6277DEB2800D7F6BF /* Home.swift in Sources */,
				4753C28B277DEB1B00D7F6BF /* UI_408App.swift in Sources */,
			);
			runOnlyForDeploymentPostprocessing = 0;
		};
		4753C293277DEB1D00D7F6BF /* Sources */ = {
			isa = PBXSourcesBuildPhase;
			buildActionMask = 2147483647;
			files = (
				4753C29C277DEB1D00D7F6BF /* UI_408Tests.swift in Sources */,
			);
			runOnlyForDeploymentPostprocessing = 0;
		};
		4753C29D277DEB1D00D7F6BF /* Sources */ = {
			isa = PBXSourcesBuildPhase;
			buildActionMask = 2147483647;
			files = (
				4753C2A6277DEB1D00D7F6BF /* UI_408UITests.swift in Sources */,
				4753C2A8277DEB1D00D7F6BF /* UI_408UITestsLaunchTests.swift in Sources */,
			);
			runOnlyForDeploymentPostprocessing = 0;
		};
/* End PBXSourcesBuildPhase section */

/* Begin PBXTargetDependency section */
		4753C299277DEB1D00D7F6BF /* PBXTargetDependency */ = {
			isa = PBXTargetDependency;
			target = 4753C286277DEB1B00D7F6BF /* UI-408 */;
			targetProxy = 4753C298277DEB1D00D7F6BF /* PBXContainerItemProxy */;
		};
		4753C2A3277DEB1D00D7F6BF /* PBXTargetDependency */ = {
			isa = PBXTargetDependency;
			target = 4753C286277DEB1B00D7F6BF /* UI-408 */;
			targetProxy = 4753C2A2277DEB1D00D7F6BF /* PBXContainerItemProxy */;
		};
/* End PBXTargetDependency section */

/* Begin XCBuildConfiguration section */
		4753C2A9277DEB1D00D7F6BF /* Debug */ = {
			isa = XCBuildConfiguration;
			buildSettings = {
				ALWAYS_SEARCH_USER_PATHS = NO;
				CLANG_ANALYZER_NONNULL = YES;
				CLANG_ANALYZER_NUMBER_OBJECT_CONVERSION = YES_AGGRESSIVE;
				CLANG_CXX_LANGUAGE_STANDARD = "gnu++17";
				CLANG_CXX_LIBRARY = "libc++";
				CLANG_ENABLE_MODULES = YES;
				CLANG_ENABLE_OBJC_ARC = YES;
				CLANG_ENABLE_OBJC_WEAK = YES;
				CLANG_WARN_BLOCK_CAPTURE_AUTORELEASING = YES;
				CLANG_WARN_BOOL_CONVERSION = YES;
				CLANG_WARN_COMMA = YES;
				CLANG_WARN_CONSTANT_CONVERSION = YES;
				CLANG_WARN_DEPRECATED_OBJC_IMPLEMENTATIONS = YES;
				CLANG_WARN_DIRECT_OBJC_ISA_USAGE = YES_ERROR;
				CLANG_WARN_DOCUMENTATION_COMMENTS = YES;
				CLANG_WARN_EMPTY_BODY = YES;
				CLANG_WARN_ENUM_CONVERSION = YES;
				CLANG_WARN_INFINITE_RECURSION = YES;
				CLANG_WARN_INT_CONVERSION = YES;
				CLANG_WARN_NON_LITERAL_NULL_CONVERSION = YES;
				CLANG_WARN_OBJC_IMPLICIT_RETAIN_SELF = YES;
				CLANG_WARN_OBJC_LITERAL_CONVERSION = YES;
				CLANG_WARN_OBJC_ROOT_CLASS = YES_ERROR;
				CLANG_WARN_QUOTED_INCLUDE_IN_FRAMEWORK_HEADER = YES;
				CLANG_WARN_RANGE_LOOP_ANALYSIS = YES;
				CLANG_WARN_STRICT_PROTOTYPES = YES;
				CLANG_WARN_SUSPICIOUS_MOVE = YES;
				CLANG_WARN_UNGUARDED_AVAILABILITY = YES_AGGRESSIVE;
				CLANG_WARN_UNREACHABLE_CODE = YES;
				CLANG_WARN__DUPLICATE_METHOD_MATCH = YES;
				COPY_PHASE_STRIP = NO;
				DEBUG_INFORMATION_FORMAT = dwarf;
				ENABLE_STRICT_OBJC_MSGSEND = YES;
				ENABLE_TESTABILITY = YES;
				GCC_C_LANGUAGE_STANDARD = gnu11;
				GCC_DYNAMIC_NO_PIC = NO;
				GCC_NO_COMMON_BLOCKS = YES;
				GCC_OPTIMIZATION_LEVEL = 0;
				GCC_PREPROCESSOR_DEFINITIONS = (
					"DEBUG=1",
					"$(inherited)",
				);
				GCC_WARN_64_TO_32_BIT_CONVERSION = YES;
				GCC_WARN_ABOUT_RETURN_TYPE = YES_ERROR;
				GCC_WARN_UNDECLARED_SELECTOR = YES;
				GCC_WARN_UNINITIALIZED_AUTOS = YES_AGGRESSIVE;
				GCC_WARN_UNUSED_FUNCTION = YES;
				GCC_WARN_UNUSED_VARIABLE = YES;
				IPHONEOS_DEPLOYMENT_TARGET = 15.2;
				MTL_ENABLE_DEBUG_INFO = INCLUDE_SOURCE;
				MTL_FAST_MATH = YES;
				ONLY_ACTIVE_ARCH = YES;
				SDKROOT = iphoneos;
				SWIFT_ACTIVE_COMPILATION_CONDITIONS = DEBUG;
				SWIFT_OPTIMIZATION_LEVEL = "-Onone";
			};
			name = Debug;
		};
		4753C2AA277DEB1D00D7F6BF /* Release */ = {
			isa = XCBuildConfiguration;
			buildSettings = {
				ALWAYS_SEARCH_USER_PATHS = NO;
				CLANG_ANALYZER_NONNULL = YES;
				CLANG_ANALYZER_NUMBER_OBJECT_CONVERSION = YES_AGGRESSIVE;
				CLANG_CXX_LANGUAGE_STANDARD = "gnu++17";
				CLANG_CXX_LIBRARY = "libc++";
				CLANG_ENABLE_MODULES = YES;
				CLANG_ENABLE_OBJC_ARC = YES;
				CLANG_ENABLE_OBJC_WEAK = YES;
				CLANG_WARN_BLOCK_CAPTURE_AUTORELEASING = YES;
				CLANG_WARN_BOOL_CONVERSION = YES;
				CLANG_WARN_COMMA = YES;
				CLANG_WARN_CONSTANT_CONVERSION = YES;
				CLANG_WARN_DEPRECATED_OBJC_IMPLEMENTATIONS = YES;
				CLANG_WARN_DIRECT_OBJC_ISA_USAGE = YES_ERROR;
				CLANG_WARN_DOCUMENTATION_COMMENTS = YES;
				CLANG_WARN_EMPTY_BODY = YES;
				CLANG_WARN_ENUM_CONVERSION = YES;
				CLANG_WARN_INFINITE_RECURSION = YES;
				CLANG_WARN_INT_CONVERSION = YES;
				CLANG_WARN_NON_LITERAL_NULL_CONVERSION = YES;
				CLANG_WARN_OBJC_IMPLICIT_RETAIN_SELF = YES;
				CLANG_WARN_OBJC_LITERAL_CONVERSION = YES;
				CLANG_WARN_OBJC_ROOT_CLASS = YES_ERROR;
				CLANG_WARN_QUOTED_INCLUDE_IN_FRAMEWORK_HEADER = YES;
				CLANG_WARN_RANGE_LOOP_ANALYSIS = YES;
				CLANG_WARN_STRICT_PROTOTYPES = YES;
				CLANG_WARN_SUSPICIOUS_MOVE = YES;
				CLANG_WARN_UNGUARDED_AVAILABILITY = YES_AGGRESSIVE;
				CLANG_WARN_UNREACHABLE_CODE = YES;
				CLANG_WARN__DUPLICATE_METHOD_MATCH = YES;
				COPY_PHASE_STRIP = NO;
				DEBUG_INFORMATION_FORMAT = "dwarf-with-dsym";
				ENABLE_NS_ASSERTIONS = NO;
				ENABLE_STRICT_OBJC_MSGSEND = YES;
				GCC_C_LANGUAGE_STANDARD = gnu11;
				GCC_NO_COMMON_BLOCKS = YES;
				GCC_WARN_64_TO_32_BIT_CONVERSION = YES;
				GCC_WARN_ABOUT_RETURN_TYPE = YES_ERROR;
				GCC_WARN_UNDECLARED_SELECTOR = YES;
				GCC_WARN_UNINITIALIZED_AUTOS = YES_AGGRESSIVE;
				GCC_WARN_UNUSED_FUNCTION = YES;
				GCC_WARN_UNUSED_VARIABLE = YES;
				IPHONEOS_DEPLOYMENT_TARGET = 15.2;
				MTL_ENABLE_DEBUG_INFO = NO;
				MTL_FAST_MATH = YES;
				SDKROOT = iphoneos;
				SWIFT_COMPILATION_MODE = wholemodule;
				SWIFT_OPTIMIZATION_LEVEL = "-O";
				VALIDATE_PRODUCT = YES;
			};
			name = Release;
		};
		4753C2AC277DEB1D00D7F6BF /* Debug */ = {
			isa = XCBuildConfiguration;
			buildSettings = {
				ASSETCATALOG_COMPILER_APPICON_NAME = AppIcon;
				ASSETCATALOG_COMPILER_GLOBAL_ACCENT_COLOR_NAME = AccentColor;
				CODE_SIGN_STYLE = Automatic;
				CURRENT_PROJECT_VERSION = 1;
				DEVELOPMENT_ASSET_PATHS = "\"UI-408/Preview Content\"";
				DEVELOPMENT_TEAM = 8CL4U468K5;
				ENABLE_PREVIEWS = YES;
				GENERATE_INFOPLIST_FILE = YES;
				INFOPLIST_KEY_UIApplicationSceneManifest_Generation = YES;
				INFOPLIST_KEY_UIApplicationSupportsIndirectInputEvents = YES;
				INFOPLIST_KEY_UILaunchScreen_Generation = YES;
				INFOPLIST_KEY_UISupportedInterfaceOrientations_iPad = "UIInterfaceOrientationPortrait UIInterfaceOrientationPortraitUpsideDown UIInterfaceOrientationLandscapeLeft UIInterfaceOrientationLandscapeRight";
				INFOPLIST_KEY_UISupportedInterfaceOrientations_iPhone = "UIInterfaceOrientationPortrait UIInterfaceOrientationLandscapeLeft UIInterfaceOrientationLandscapeRight";
				LD_RUNPATH_SEARCH_PATHS = (
					"$(inherited)",
					"@executable_path/Frameworks",
				);
				MARKETING_VERSION = 1.0;
				PRODUCT_BUNDLE_IDENTIFIER = "com.585.UI-408";
				PRODUCT_NAME = "$(TARGET_NAME)";
				SWIFT_EMIT_LOC_STRINGS = YES;
				SWIFT_VERSION = 5.0;
				TARGETED_DEVICE_FAMILY = "1,2";
			};
			name = Debug;
		};
		4753C2AD277DEB1D00D7F6BF /* Release */ = {
			isa = XCBuildConfiguration;
			buildSettings = {
				ASSETCATALOG_COMPILER_APPICON_NAME = AppIcon;
				ASSETCATALOG_COMPILER_GLOBAL_ACCENT_COLOR_NAME = AccentColor;
				CODE_SIGN_STYLE = Automatic;
				CURRENT_PROJECT_VERSION = 1;
				DEVELOPMENT_ASSET_PATHS = "\"UI-408/Preview Content\"";
				DEVELOPMENT_TEAM = 8CL4U468K5;
				ENABLE_PREVIEWS = YES;
				GENERATE_INFOPLIST_FILE = YES;
				INFOPLIST_KEY_UIApplicationSceneManifest_Generation = YES;
				INFOPLIST_KEY_UIApplicationSupportsIndirectInputEvents = YES;
				INFOPLIST_KEY_UILaunchScreen_Generation = YES;
				INFOPLIST_KEY_UISupportedInterfaceOrientations_iPad = "UIInterfaceOrientationPortrait UIInterfaceOrientationPortraitUpsideDown UIInterfaceOrientationLandscapeLeft UIInterfaceOrientationLandscapeRight";
				INFOPLIST_KEY_UISupportedInterfaceOrientations_iPhone = "UIInterfaceOrientationPortrait UIInterfaceOrientationLandscapeLeft UIInterfaceOrientationLandscapeRight";
				LD_RUNPATH_SEARCH_PATHS = (
					"$(inherited)",
					"@executable_path/Frameworks",
				);
				MARKETING_VERSION = 1.0;
				PRODUCT_BUNDLE_IDENTIFIER = "com.585.UI-408";
				PRODUCT_NAME = "$(TARGET_NAME)";
				SWIFT_EMIT_LOC_STRINGS = YES;
				SWIFT_VERSION = 5.0;
				TARGETED_DEVICE_FAMILY = "1,2";
			};
			name = Release;
		};
		4753C2AF277DEB1D00D7F6BF /* Debug */ = {
			isa = XCBuildConfiguration;
			buildSettings = {
				ALWAYS_EMBED_SWIFT_STANDARD_LIBRARIES = YES;
				BUNDLE_LOADER = "$(TEST_HOST)";
				CODE_SIGN_STYLE = Automatic;
				CURRENT_PROJECT_VERSION = 1;
				DEVELOPMENT_TEAM = 8CL4U468K5;
				GENERATE_INFOPLIST_FILE = YES;
				IPHONEOS_DEPLOYMENT_TARGET = 15.2;
				MARKETING_VERSION = 1.0;
				PRODUCT_BUNDLE_IDENTIFIER = "com.585.UI-408Tests";
				PRODUCT_NAME = "$(TARGET_NAME)";
				SWIFT_EMIT_LOC_STRINGS = NO;
				SWIFT_VERSION = 5.0;
				TARGETED_DEVICE_FAMILY = "1,2";
				TEST_HOST = "$(BUILT_PRODUCTS_DIR)/UI-408.app/UI-408";
			};
			name = Debug;
		};
		4753C2B0277DEB1D00D7F6BF /* Release */ = {
			isa = XCBuildConfiguration;
			buildSettings = {
				ALWAYS_EMBED_SWIFT_STANDARD_LIBRARIES = YES;
				BUNDLE_LOADER = "$(TEST_HOST)";
				CODE_SIGN_STYLE = Automatic;
				CURRENT_PROJECT_VERSION = 1;
				DEVELOPMENT_TEAM = 8CL4U468K5;
				GENERATE_INFOPLIST_FILE = YES;
				IPHONEOS_DEPLOYMENT_TARGET = 15.2;
				MARKETING_VERSION = 1.0;
				PRODUCT_BUNDLE_IDENTIFIER = "com.585.UI-408Tests";
				PRODUCT_NAME = "$(TARGET_NAME)";
				SWIFT_EMIT_LOC_STRINGS = NO;
				SWIFT_VERSION = 5.0;
				TARGETED_DEVICE_FAMILY = "1,2";
				TEST_HOST = "$(BUILT_PRODUCTS_DIR)/UI-408.app/UI-408";
			};
			name = Release;
		};
		4753C2B2277DEB1D00D7F6BF /* Debug */ = {
			isa = XCBuildConfiguration;
			buildSettings = {
				ALWAYS_EMBED_SWIFT_STANDARD_LIBRARIES = YES;
				CODE_SIGN_STYLE = Automatic;
				CURRENT_PROJECT_VERSION = 1;
				DEVELOPMENT_TEAM = 8CL4U468K5;
				GENERATE_INFOPLIST_FILE = YES;
				MARKETING_VERSION = 1.0;
				PRODUCT_BUNDLE_IDENTIFIER = "com.585.UI-408UITests";
				PRODUCT_NAME = "$(TARGET_NAME)";
				SWIFT_EMIT_LOC_STRINGS = NO;
				SWIFT_VERSION = 5.0;
				TARGETED_DEVICE_FAMILY = "1,2";
				TEST_TARGET_NAME = "UI-408";
			};
			name = Debug;
		};
		4753C2B3277DEB1D00D7F6BF /* Release */ = {
			isa = XCBuildConfiguration;
			buildSettings = {
				ALWAYS_EMBED_SWIFT_STANDARD_LIBRARIES = YES;
				CODE_SIGN_STYLE = Automatic;
				CURRENT_PROJECT_VERSION = 1;
				DEVELOPMENT_TEAM = 8CL4U468K5;
				GENERATE_INFOPLIST_FILE = YES;
				MARKETING_VERSION = 1.0;
				PRODUCT_BUNDLE_IDENTIFIER = "com.585.UI-408UITests";
				PRODUCT_NAME = "$(TARGET_NAME)";
				SWIFT_EMIT_LOC_STRINGS = NO;
				SWIFT_VERSION = 5.0;
				TARGETED_DEVICE_FAMILY = "1,2";
				TEST_TARGET_NAME = "UI-408";
			};
			name = Release;
		};
/* End XCBuildConfiguration section */

/* Begin XCConfigurationList section */
		4753C282277DEB1B00D7F6BF /* Build configuration list for PBXProject "UI-408" */ = {
			isa = XCConfigurationList;
			buildConfigurations = (
				4753C2A9277DEB1D00D7F6BF /* Debug */,
				4753C2AA277DEB1D00D7F6BF /* Release */,
			);
			defaultConfigurationIsVisible = 0;
			defaultConfigurationName = Release;
		};
		4753C2AB277DEB1D00D7F6BF /* Build configuration list for PBXNativeTarget "UI-408" */ = {
			isa = XCConfigurationList;
			buildConfigurations = (
				4753C2AC277DEB1D00D7F6BF /* Debug */,
				4753C2AD277DEB1D00D7F6BF /* Release */,
			);
			defaultConfigurationIsVisible = 0;
			defaultConfigurationName = Release;
		};
		4753C2AE277DEB1D00D7F6BF /* Build configuration list for PBXNativeTarget "UI-408Tests" */ = {
			isa = XCConfigurationList;
			buildConfigurations = (
				4753C2AF277DEB1D00D7F6BF /* Debug */,
				4753C2B0277DEB1D00D7F6BF /* Release */,
			);
			defaultConfigurationIsVisible = 0;
			defaultConfigurationName = Release;
		};
		4753C2B1277DEB1D00D7F6BF /* Build configuration list for PBXNativeTarget "UI-408UITests" */ = {
			isa = XCConfigurationList;
			buildConfigurations = (
				4753C2B2277DEB1D00D7F6BF /* Debug */,
				4753C2B3277DEB1D00D7F6BF /* Release */,
			);
			defaultConfigurationIsVisible = 0;
			defaultConfigurationName = Release;
		};
/* End XCConfigurationList section */
	};
	rootObject = 4753C27F277DEB1B00D7F6BF /* Project object */;
}
